// !$*UTF8*$!
{
	archiveVersion = 1;
	classes = {
	};
	objectVersion = 46;
	objects = {

/* Begin PBXBuildFile section */
		2B96D0401DC11BD40090FEF3 /* AppDelegate.swift in Sources */ = {isa = PBXBuildFile; fileRef = 2B96D03F1DC11BD40090FEF3 /* AppDelegate.swift */; };
		2B96D0451DC11BD40090FEF3 /* Main.storyboard in Resources */ = {isa = PBXBuildFile; fileRef = 2B96D0431DC11BD40090FEF3 /* Main.storyboard */; };
		2B96D0471DC11BD40090FEF3 /* Assets.xcassets in Resources */ = {isa = PBXBuildFile; fileRef = 2B96D0461DC11BD40090FEF3 /* Assets.xcassets */; };
		2B96D04A1DC11BD40090FEF3 /* LaunchScreen.storyboard in Resources */ = {isa = PBXBuildFile; fileRef = 2B96D0481DC11BD40090FEF3 /* LaunchScreen.storyboard */; };
		2B96D0551DC11BD40090FEF3 /* CollectionViewTests.swift in Sources */ = {isa = PBXBuildFile; fileRef = 2B96D0541DC11BD40090FEF3 /* CollectionViewTests.swift */; };
		2B96D0601DC11BD40090FEF3 /* CollectionViewUITests.swift in Sources */ = {isa = PBXBuildFile; fileRef = 2B96D05F1DC11BD40090FEF3 /* CollectionViewUITests.swift */; };
		2B96D0761DC11DB80090FEF3 /* CollectionViewController.swift in Sources */ = {isa = PBXBuildFile; fileRef = 2B96D0751DC11DB80090FEF3 /* CollectionViewController.swift */; };
/* End PBXBuildFile section */

/* Begin PBXContainerItemProxy section */
		2B96D0511DC11BD40090FEF3 /* PBXContainerItemProxy */ = {
			isa = PBXContainerItemProxy;
			containerPortal = 2B96D0341DC11BD30090FEF3 /* Project object */;
			proxyType = 1;
			remoteGlobalIDString = 2B96D03B1DC11BD30090FEF3;
			remoteInfo = CollectionView;
		};
		2B96D05C1DC11BD40090FEF3 /* PBXContainerItemProxy */ = {
			isa = PBXContainerItemProxy;
			containerPortal = 2B96D0341DC11BD30090FEF3 /* Project object */;
			proxyType = 1;
			remoteGlobalIDString = 2B96D03B1DC11BD30090FEF3;
			remoteInfo = CollectionView;
		};
/* End PBXContainerItemProxy section */

/* Begin PBXFileReference section */
		2B96D03C1DC11BD40090FEF3 /* CollectionView.app */ = {isa = PBXFileReference; explicitFileType = wrapper.application; includeInIndex = 0; path = CollectionView.app; sourceTree = BUILT_PRODUCTS_DIR; };
		2B96D03F1DC11BD40090FEF3 /* AppDelegate.swift */ = {isa = PBXFileReference; lastKnownFileType = sourcecode.swift; path = AppDelegate.swift; sourceTree = "<group>"; };
		2B96D0441DC11BD40090FEF3 /* Base */ = {isa = PBXFileReference; lastKnownFileType = file.storyboard; name = Base; path = Base.lproj/Main.storyboard; sourceTree = "<group>"; };
		2B96D0461DC11BD40090FEF3 /* Assets.xcassets */ = {isa = PBXFileReference; lastKnownFileType = folder.assetcatalog; path = Assets.xcassets; sourceTree = "<group>"; };
		2B96D0491DC11BD40090FEF3 /* Base */ = {isa = PBXFileReference; lastKnownFileType = file.storyboard; name = Base; path = Base.lproj/LaunchScreen.storyboard; sourceTree = "<group>"; };
		2B96D04B1DC11BD40090FEF3 /* Info.plist */ = {isa = PBXFileReference; lastKnownFileType = text.plist.xml; path = Info.plist; sourceTree = "<group>"; };
		2B96D0501DC11BD40090FEF3 /* CollectionViewTests.xctest */ = {isa = PBXFileReference; explicitFileType = wrapper.cfbundle; includeInIndex = 0; path = CollectionViewTests.xctest; sourceTree = BUILT_PRODUCTS_DIR; };
		2B96D0541DC11BD40090FEF3 /* CollectionViewTests.swift */ = {isa = PBXFileReference; lastKnownFileType = sourcecode.swift; path = CollectionViewTests.swift; sourceTree = "<group>"; };
		2B96D0561DC11BD40090FEF3 /* Info.plist */ = {isa = PBXFileReference; lastKnownFileType = text.plist.xml; path = Info.plist; sourceTree = "<group>"; };
		2B96D05B1DC11BD40090FEF3 /* CollectionViewUITests.xctest */ = {isa = PBXFileReference; explicitFileType = wrapper.cfbundle; includeInIndex = 0; path = CollectionViewUITests.xctest; sourceTree = BUILT_PRODUCTS_DIR; };
		2B96D05F1DC11BD40090FEF3 /* CollectionViewUITests.swift */ = {isa = PBXFileReference; lastKnownFileType = sourcecode.swift; path = CollectionViewUITests.swift; sourceTree = "<group>"; };
		2B96D0611DC11BD40090FEF3 /* Info.plist */ = {isa = PBXFileReference; lastKnownFileType = text.plist.xml; path = Info.plist; sourceTree = "<group>"; };
		2B96D0751DC11DB80090FEF3 /* CollectionViewController.swift */ = {isa = PBXFileReference; fileEncoding = 4; lastKnownFileType = sourcecode.swift; path = CollectionViewController.swift; sourceTree = "<group>"; };
/* End PBXFileReference section */

/* Begin PBXFrameworksBuildPhase section */
		2B96D0391DC11BD30090FEF3 /* Frameworks */ = {
			isa = PBXFrameworksBuildPhase;
			buildActionMask = 2147483647;
			files = (
			);
			runOnlyForDeploymentPostprocessing = 0;
		};
		2B96D04D1DC11BD40090FEF3 /* Frameworks */ = {
			isa = PBXFrameworksBuildPhase;
			buildActionMask = 2147483647;
			files = (
			);
			runOnlyForDeploymentPostprocessing = 0;
		};
		2B96D0581DC11BD40090FEF3 /* Frameworks */ = {
			isa = PBXFrameworksBuildPhase;
			buildActionMask = 2147483647;
			files = (
			);
			runOnlyForDeploymentPostprocessing = 0;
		};
/* End PBXFrameworksBuildPhase section */

/* Begin PBXGroup section */
		2B96D0331DC11BD30090FEF3 = {
			isa = PBXGroup;
			children = (
				2B96D03E1DC11BD40090FEF3 /* CollectionView */,
				2B96D0531DC11BD40090FEF3 /* CollectionViewTests */,
				2B96D05E1DC11BD40090FEF3 /* CollectionViewUITests */,
				2B96D03D1DC11BD40090FEF3 /* Products */,
			);
			sourceTree = "<group>";
		};
		2B96D03D1DC11BD40090FEF3 /* Products */ = {
			isa = PBXGroup;
			children = (
				2B96D03C1DC11BD40090FEF3 /* CollectionView.app */,
				2B96D0501DC11BD40090FEF3 /* CollectionViewTests.xctest */,
				2B96D05B1DC11BD40090FEF3 /* CollectionViewUITests.xctest */,
			);
			name = Products;
			sourceTree = "<group>";
		};
		2B96D03E1DC11BD40090FEF3 /* CollectionView */ = {
			isa = PBXGroup;
			children = (
				2B96D03F1DC11BD40090FEF3 /* AppDelegate.swift */,
				2B96D0431DC11BD40090FEF3 /* Main.storyboard */,
				2B96D0461DC11BD40090FEF3 /* Assets.xcassets */,
				2B96D0481DC11BD40090FEF3 /* LaunchScreen.storyboard */,
				2B96D04B1DC11BD40090FEF3 /* Info.plist */,
				2B96D0751DC11DB80090FEF3 /* CollectionViewController.swift */,
			);
			path = CollectionView;
			sourceTree = "<group>";
		};
		2B96D0531DC11BD40090FEF3 /* CollectionViewTests */ = {
			isa = PBXGroup;
			children = (
				2B96D0541DC11BD40090FEF3 /* CollectionViewTests.swift */,
				2B96D0561DC11BD40090FEF3 /* Info.plist */,
			);
			path = CollectionViewTests;
			sourceTree = "<group>";
		};
		2B96D05E1DC11BD40090FEF3 /* CollectionViewUITests */ = {
			isa = PBXGroup;
			children = (
				2B96D05F1DC11BD40090FEF3 /* CollectionViewUITests.swift */,
				2B96D0611DC11BD40090FEF3 /* Info.plist */,
			);
			path = CollectionViewUITests;
			sourceTree = "<group>";
		};
/* End PBXGroup section */

/* Begin PBXNativeTarget section */
		2B96D03B1DC11BD30090FEF3 /* CollectionView */ = {
			isa = PBXNativeTarget;
			buildConfigurationList = 2B96D0641DC11BD40090FEF3 /* Build configuration list for PBXNativeTarget "CollectionView" */;
			buildPhases = (
				2B96D0381DC11BD30090FEF3 /* Sources */,
				2B96D0391DC11BD30090FEF3 /* Frameworks */,
				2B96D03A1DC11BD30090FEF3 /* Resources */,
			);
			buildRules = (
			);
			dependencies = (
			);
			name = CollectionView;
			productName = CollectionView;
			productReference = 2B96D03C1DC11BD40090FEF3 /* CollectionView.app */;
			productType = "com.apple.product-type.application";
		};
		2B96D04F1DC11BD40090FEF3 /* CollectionViewTests */ = {
			isa = PBXNativeTarget;
			buildConfigurationList = 2B96D0671DC11BD40090FEF3 /* Build configuration list for PBXNativeTarget "CollectionViewTests" */;
			buildPhases = (
				2B96D04C1DC11BD40090FEF3 /* Sources */,
				2B96D04D1DC11BD40090FEF3 /* Frameworks */,
				2B96D04E1DC11BD40090FEF3 /* Resources */,
			);
			buildRules = (
			);
			dependencies = (
				2B96D0521DC11BD40090FEF3 /* PBXTargetDependency */,
			);
			name = CollectionViewTests;
			productName = CollectionViewTests;
			productReference = 2B96D0501DC11BD40090FEF3 /* CollectionViewTests.xctest */;
			productType = "com.apple.product-type.bundle.unit-test";
		};
		2B96D05A1DC11BD40090FEF3 /* CollectionViewUITests */ = {
			isa = PBXNativeTarget;
			buildConfigurationList = 2B96D06A1DC11BD40090FEF3 /* Build configuration list for PBXNativeTarget "CollectionViewUITests" */;
			buildPhases = (
				2B96D0571DC11BD40090FEF3 /* Sources */,
				2B96D0581DC11BD40090FEF3 /* Frameworks */,
				2B96D0591DC11BD40090FEF3 /* Resources */,
			);
			buildRules = (
			);
			dependencies = (
				2B96D05D1DC11BD40090FEF3 /* PBXTargetDependency */,
			);
			name = CollectionViewUITests;
			productName = CollectionViewUITests;
			productReference = 2B96D05B1DC11BD40090FEF3 /* CollectionViewUITests.xctest */;
			productType = "com.apple.product-type.bundle.ui-testing";
		};
/* End PBXNativeTarget section */

/* Begin PBXProject section */
		2B96D0341DC11BD30090FEF3 /* Project object */ = {
			isa = PBXProject;
			attributes = {
				LastSwiftUpdateCheck = 0800;
				LastUpgradeCheck = 0800;
				ORGANIZATIONNAME = "Tarang Hirani";
				TargetAttributes = {
					2B96D03B1DC11BD30090FEF3 = {
						CreatedOnToolsVersion = 8.0;
						ProvisioningStyle = Automatic;
					};
					2B96D04F1DC11BD40090FEF3 = {
						CreatedOnToolsVersion = 8.0;
						ProvisioningStyle = Automatic;
						TestTargetID = 2B96D03B1DC11BD30090FEF3;
					};
					2B96D05A1DC11BD40090FEF3 = {
						CreatedOnToolsVersion = 8.0;
						ProvisioningStyle = Automatic;
						TestTargetID = 2B96D03B1DC11BD30090FEF3;
					};
				};
			};
			buildConfigurationList = 2B96D0371DC11BD30090FEF3 /* Build configuration list for PBXProject "CollectionView" */;
			compatibilityVersion = "Xcode 3.2";
			developmentRegion = English;
			hasScannedForEncodings = 0;
			knownRegions = (
				en,
				Base,
			);
			mainGroup = 2B96D0331DC11BD30090FEF3;
			productRefGroup = 2B96D03D1DC11BD40090FEF3 /* Products */;
			projectDirPath = "";
			projectRoot = "";
			targets = (
				2B96D03B1DC11BD30090FEF3 /* CollectionView */,
				2B96D04F1DC11BD40090FEF3 /* CollectionViewTests */,
				2B96D05A1DC11BD40090FEF3 /* CollectionViewUITests */,
			);
		};
/* End PBXProject section */

/* Begin PBXResourcesBuildPhase section */
		2B96D03A1DC11BD30090FEF3 /* Resources */ = {
			isa = PBXResourcesBuildPhase;
			buildActionMask = 2147483647;
			files = (
				2B96D04A1DC11BD40090FEF3 /* LaunchScreen.storyboard in Resources */,
				2B96D0471DC11BD40090FEF3 /* Assets.xcassets in Resources */,
				2B96D0451DC11BD40090FEF3 /* Main.storyboard in Resources */,
			);
			runOnlyForDeploymentPostprocessing = 0;
		};
		2B96D04E1DC11BD40090FEF3 /* Resources */ = {
			isa = PBXResourcesBuildPhase;
			buildActionMask = 2147483647;
			files = (
			);
			runOnlyForDeploymentPostprocessing = 0;
		};
		2B96D0591DC11BD40090FEF3 /* Resources */ = {
			isa = PBXResourcesBuildPhase;
			buildActionMask = 2147483647;
			files = (
			);
			runOnlyForDeploymentPostprocessing = 0;
		};
/* End PBXResourcesBuildPhase section */

/* Begin PBXSourcesBuildPhase section */
		2B96D0381DC11BD30090FEF3 /* Sources */ = {
			isa = PBXSourcesBuildPhase;
			buildActionMask = 2147483647;
			files = (
				2B96D0761DC11DB80090FEF3 /* CollectionViewController.swift in Sources */,
				2B96D0401DC11BD40090FEF3 /* AppDelegate.swift in Sources */,
			);
			runOnlyForDeploymentPostprocessing = 0;
		};
		2B96D04C1DC11BD40090FEF3 /* Sources */ = {
			isa = PBXSourcesBuildPhase;
			buildActionMask = 2147483647;
			files = (
				2B96D0551DC11BD40090FEF3 /* CollectionViewTests.swift in Sources */,
			);
			runOnlyForDeploymentPostprocessing = 0;
		};
		2B96D0571DC11BD40090FEF3 /* Sources */ = {
			isa = PBXSourcesBuildPhase;
			buildActionMask = 2147483647;
			files = (
				2B96D0601DC11BD40090FEF3 /* CollectionViewUITests.swift in Sources */,
			);
			runOnlyForDeploymentPostprocessing = 0;
		};
/* End PBXSourcesBuildPhase section */

/* Begin PBXTargetDependency section */
		2B96D0521DC11BD40090FEF3 /* PBXTargetDependency */ = {
			isa = PBXTargetDependency;
			target = 2B96D03B1DC11BD30090FEF3 /* CollectionView */;
			targetProxy = 2B96D0511DC11BD40090FEF3 /* PBXContainerItemProxy */;
		};
		2B96D05D1DC11BD40090FEF3 /* PBXTargetDependency */ = {
			isa = PBXTargetDependency;
			target = 2B96D03B1DC11BD30090FEF3 /* CollectionView */;
			targetProxy = 2B96D05C1DC11BD40090FEF3 /* PBXContainerItemProxy */;
		};
/* End PBXTargetDependency section */

/* Begin PBXVariantGroup section */
		2B96D0431DC11BD40090FEF3 /* Main.storyboard */ = {
			isa = PBXVariantGroup;
			children = (
				2B96D0441DC11BD40090FEF3 /* Base */,
			);
			name = Main.storyboard;
			sourceTree = "<group>";
		};
		2B96D0481DC11BD40090FEF3 /* LaunchScreen.storyboard */ = {
			isa = PBXVariantGroup;
			children = (
				2B96D0491DC11BD40090FEF3 /* Base */,
			);
			name = LaunchScreen.storyboard;
			sourceTree = "<group>";
		};
/* End PBXVariantGroup section */

/* Begin XCBuildConfiguration section */
		2B96D0621DC11BD40090FEF3 /* Debug */ = {
			isa = XCBuildConfiguration;
			buildSettings = {
				ALWAYS_SEARCH_USER_PATHS = NO;
				CLANG_ANALYZER_NONNULL = YES;
				CLANG_CXX_LANGUAGE_STANDARD = "gnu++0x";
				CLANG_CXX_LIBRARY = "libc++";
				CLANG_ENABLE_MODULES = YES;
				CLANG_ENABLE_OBJC_ARC = YES;
				CLANG_WARN_BOOL_CONVERSION = YES;
				CLANG_WARN_CONSTANT_CONVERSION = YES;
				CLANG_WARN_DIRECT_OBJC_ISA_USAGE = YES_ERROR;
				CLANG_WARN_DOCUMENTATION_COMMENTS = YES;
				CLANG_WARN_EMPTY_BODY = YES;
				CLANG_WARN_ENUM_CONVERSION = YES;
				CLANG_WARN_INFINITE_RECURSION = YES;
				CLANG_WARN_INT_CONVERSION = YES;
				CLANG_WARN_OBJC_ROOT_CLASS = YES_ERROR;
				CLANG_WARN_SUSPICIOUS_MOVES = YES;
				CLANG_WARN_UNREACHABLE_CODE = YES;
				CLANG_WARN__DUPLICATE_METHOD_MATCH = YES;
				"CODE_SIGN_IDENTITY[sdk=iphoneos*]" = "iPhone Developer";
				COPY_PHASE_STRIP = NO;
				DEBUG_INFORMATION_FORMAT = dwarf;
				ENABLE_STRICT_OBJC_MSGSEND = YES;
				ENABLE_TESTABILITY = YES;
				GCC_C_LANGUAGE_STANDARD = gnu99;
				GCC_DYNAMIC_NO_PIC = NO;
				GCC_NO_COMMON_BLOCKS = YES;
				GCC_OPTIMIZATION_LEVEL = 0;
				GCC_PREPROCESSOR_DEFINITIONS = (
					"DEBUG=1",
					"$(inherited)",
				);
				GCC_WARN_64_TO_32_BIT_CONVERSION = YES;
				GCC_WARN_ABOUT_RETURN_TYPE = YES_ERROR;
				GCC_WARN_UNDECLARED_SELECTOR = YES;
				GCC_WARN_UNINITIALIZED_AUTOS = YES_AGGRESSIVE;
				GCC_WARN_UNUSED_FUNCTION = YES;
				GCC_WARN_UNUSED_VARIABLE = YES;
				IPHONEOS_DEPLOYMENT_TARGET = 10.0;
				MTL_ENABLE_DEBUG_INFO = YES;
				ONLY_ACTIVE_ARCH = YES;
				SDKROOT = iphoneos;
				SWIFT_ACTIVE_COMPILATION_CONDITIONS = DEBUG;
				SWIFT_OPTIMIZATION_LEVEL = "-Onone";
			};
			name = Debug;
		};
		2B96D0631DC11BD40090FEF3 /* Release */ = {
			isa = XCBuildConfiguration;
			buildSettings = {
				ALWAYS_SEARCH_USER_PATHS = NO;
				CLANG_ANALYZER_NONNULL = YES;
				CLANG_CXX_LANGUAGE_STANDARD = "gnu++0x";
				CLANG_CXX_LIBRARY = "libc++";
				CLANG_ENABLE_MODULES = YES;
				CLANG_ENABLE_OBJC_ARC = YES;
				CLANG_WARN_BOOL_CONVERSION = YES;
				CLANG_WARN_CONSTANT_CONVERSION = YES;
				CLANG_WARN_DIRECT_OBJC_ISA_USAGE = YES_ERROR;
				CLANG_WARN_DOCUMENTATION_COMMENTS = YES;
				CLANG_WARN_EMPTY_BODY = YES;
				CLANG_WARN_ENUM_CONVERSION = YES;
				CLANG_WARN_INFINITE_RECURSION = YES;
				CLANG_WARN_INT_CONVERSION = YES;
				CLANG_WARN_OBJC_ROOT_CLASS = YES_ERROR;
				CLANG_WARN_SUSPICIOUS_MOVES = YES;
				CLANG_WARN_UNREACHABLE_CODE = YES;
				CLANG_WARN__DUPLICATE_METHOD_MATCH = YES;
				"CODE_SIGN_IDENTITY[sdk=iphoneos*]" = "iPhone Developer";
				COPY_PHASE_STRIP = NO;
				DEBUG_INFORMATION_FORMAT = "dwarf-with-dsym";
				ENABLE_NS_ASSERTIONS = NO;
				ENABLE_STRICT_OBJC_MSGSEND = YES;
				GCC_C_LANGUAGE_STANDARD = gnu99;
				GCC_NO_COMMON_BLOCKS = YES;
				GCC_WARN_64_TO_32_BIT_CONVERSION = YES;
				GCC_WARN_ABOUT_RETURN_TYPE = YES_ERROR;
				GCC_WARN_UNDECLARED_SELECTOR = YES;
				GCC_WARN_UNINITIALIZED_AUTOS = YES_AGGRESSIVE;
				GCC_WARN_UNUSED_FUNCTION = YES;
				GCC_WARN_UNUSED_VARIABLE = YES;
				IPHONEOS_DEPLOYMENT_TARGET = 10.0;
				MTL_ENABLE_DEBUG_INFO = NO;
				SDKROOT = iphoneos;
				SWIFT_OPTIMIZATION_LEVEL = "-Owholemodule";
				VALIDATE_PRODUCT = YES;
			};
			name = Release;
		};
		2B96D0651DC11BD40090FEF3 /* Debug */ = {
			isa = XCBuildConfiguration;
			buildSettings = {
				ASSETCATALOG_COMPILER_APPICON_NAME = AppIcon;
				INFOPLIST_FILE = CollectionView/Info.plist;
				LD_RUNPATH_SEARCH_PATHS = "$(inherited) @executable_path/Frameworks";
				PRODUCT_BUNDLE_IDENTIFIER = com.taranghirani.CollectionView;
				PRODUCT_NAME = "$(TARGET_NAME)";
				SWIFT_VERSION = 3.0;
			};
			name = Debug;
		};
		2B96D0661DC11BD40090FEF3 /* Release */ = {
			isa = XCBuildConfiguration;
			buildSettings = {
				ASSETCATALOG_COMPILER_APPICON_NAME = AppIcon;
				INFOPLIST_FILE = CollectionView/Info.plist;
				LD_RUNPATH_SEARCH_PATHS = "$(inherited) @executable_path/Frameworks";
				PRODUCT_BUNDLE_IDENTIFIER = com.taranghirani.CollectionView;
				PRODUCT_NAME = "$(TARGET_NAME)";
				SWIFT_VERSION = 3.0;
			};
			name = Release;
		};
		2B96D0681DC11BD40090FEF3 /* Debug */ = {
			isa = XCBuildConfiguration;
			buildSettings = {
				ALWAYS_EMBED_SWIFT_STANDARD_LIBRARIES = YES;
				BUNDLE_LOADER = "$(TEST_HOST)";
				INFOPLIST_FILE = CollectionViewTests/Info.plist;
				LD_RUNPATH_SEARCH_PATHS = "$(inherited) @executable_path/Frameworks @loader_path/Frameworks";
				PRODUCT_BUNDLE_IDENTIFIER = com.taranghirani.CollectionViewTests;
				PRODUCT_NAME = "$(TARGET_NAME)";
				SWIFT_VERSION = 3.0;
				TEST_HOST = "$(BUILT_PRODUCTS_DIR)/CollectionView.app/CollectionView";
			};
			name = Debug;
		};
		2B96D0691DC11BD40090FEF3 /* Release */ = {
			isa = XCBuildConfiguration;
			buildSettings = {
				ALWAYS_EMBED_SWIFT_STANDARD_LIBRARIES = YES;
				BUNDLE_LOADER = "$(TEST_HOST)";
				INFOPLIST_FILE = CollectionViewTests/Info.plist;
				LD_RUNPATH_SEARCH_PATHS = "$(inherited) @executable_path/Frameworks @loader_path/Frameworks";
				PRODUCT_BUNDLE_IDENTIFIER = com.taranghirani.CollectionViewTests;
				PRODUCT_NAME = "$(TARGET_NAME)";
				SWIFT_VERSION = 3.0;
				TEST_HOST = "$(BUILT_PRODUCTS_DIR)/CollectionView.app/CollectionView";
			};
			name = Release;
		};
		2B96D06B1DC11BD40090FEF3 /* Debug */ = {
			isa = XCBuildConfiguration;
			buildSettings = {
				ALWAYS_EMBED_SWIFT_STANDARD_LIBRARIES = YES;
				INFOPLIST_FILE = CollectionViewUITests/Info.plist;
				LD_RUNPATH_SEARCH_PATHS = "$(inherited) @executable_path/Frameworks @loader_path/Frameworks";
				PRODUCT_BUNDLE_IDENTIFIER = com.taranghirani.CollectionViewUITests;
				PRODUCT_NAME = "$(TARGET_NAME)";
				SWIFT_VERSION = 3.0;
				TEST_TARGET_NAME = CollectionView;
			};
			name = Debug;
		};
		2B96D06C1DC11BD40090FEF3 /* Release */ = {
			isa = XCBuildConfiguration;
			buildSettings = {
				ALWAYS_EMBED_SWIFT_STANDARD_LIBRARIES = YES;
				INFOPLIST_FILE = CollectionViewUITests/Info.plist;
				LD_RUNPATH_SEARCH_PATHS = "$(inherited) @executable_path/Frameworks @loader_path/Frameworks";
				PRODUCT_BUNDLE_IDENTIFIER = com.taranghirani.CollectionViewUITests;
				PRODUCT_NAME = "$(TARGET_NAME)";
				SWIFT_VERSION = 3.0;
				TEST_TARGET_NAME = CollectionView;
			};
			name = Release;
		};
/* End XCBuildConfiguration section */

/* Begin XCConfigurationList section */
		2B96D0371DC11BD30090FEF3 /* Build configuration list for PBXProject "CollectionView" */ = {
			isa = XCConfigurationList;
			buildConfigurations = (
				2B96D0621DC11BD40090FEF3 /* Debug */,
				2B96D0631DC11BD40090FEF3 /* Release */,
			);
			defaultConfigurationIsVisible = 0;
			defaultConfigurationName = Release;
		};
		2B96D0641DC11BD40090FEF3 /* Build configuration list for PBXNativeTarget "CollectionView" */ = {
			isa = XCConfigurationList;
			buildConfigurations = (
				2B96D0651DC11BD40090FEF3 /* Debug */,
				2B96D0661DC11BD40090FEF3 /* Release */,
			);
			defaultConfigurationIsVisible = 0;
		};
		2B96D0671DC11BD40090FEF3 /* Build configuration list for PBXNativeTarget "CollectionViewTests" */ = {
			isa = XCConfigurationList;
			buildConfigurations = (
				2B96D0681DC11BD40090FEF3 /* Debug */,
				2B96D0691DC11BD40090FEF3 /* Release */,
			);
			defaultConfigurationIsVisible = 0;
		};
		2B96D06A1DC11BD40090FEF3 /* Build configuration list for PBXNativeTarget "CollectionViewUITests" */ = {
			isa = XCConfigurationList;
			buildConfigurations = (
				2B96D06B1DC11BD40090FEF3 /* Debug */,
				2B96D06C1DC11BD40090FEF3 /* Release */,
			);
			defaultConfigurationIsVisible = 0;
		};
/* End XCConfigurationList section */
	};
	rootObject = 2B96D0341DC11BD30090FEF3 /* Project object */;
}
